{
  "originHash" : "6ea7c0ca614ce532c0005611b5c645c7cd179d15c6e8ea68b169db95570e70e2",
  "pins" : [
    {
      "identity" : "rainbow",
      "kind" : "remoteSourceControl",
      "location" : "https://github.com/onevcat/Rainbow",
      "state" : {
        "revision" : "16da5c62dd737258c6df2e8c430f8a3202f655a7",
        "version" : "4.2.0"
      }
    },
    {
      "identity" : "swiftcli",
      "kind" : "remoteSourceControl",
      "location" : "https://github.com/jakeheis/SwiftCLI",
      "state" : {
        "revision" : "2e949055d9797c1a6bddcda0e58dada16cc8e970",
        "version" : "6.0.3"
      }
    }
  ],
  "version" : 3
}
